
Microsoft Visual Studio Solution File, Format Version 12.00
# Visual Studio 15
VisualStudioVersion = 15.0.27130.2036
MinimumVisualStudioVersion = 10.0.40219.1
Project("{9A19103F-16F7-4668-BE54-9A1E7A4F7556}") = "TradingCore", "TradingCore\TradingCore.csproj", "{4729E363-D541-4FFA-9E39-6C899C6A52D0}"
EndProject
Project("{2150E333-8FDC-42A3-9474-1A3956D46DE8}") = "Solution Items", "Solution Items", "{31EC6B70-DF24-49FE-BE7C-B0EEA68B0E9D}"
	ProjectSection(SolutionItems) = preProject
		Readme.md = Readme.md
	EndProjectSection
EndProject
Project("{2150E333-8FDC-42A3-9474-1A3956D46DE8}") = "DockerConfig", "DockerConfig", "{3C5739FD-885A-4382-8ED9-D9F533A22629}"
EndProject
Project("{2150E333-8FDC-42A3-9474-1A3956D46DE8}") = "Development", "Development", "{8E1F7F85-DE24-4B34-A49A-3220B362D090}"
	ProjectSection(SolutionItems) = preProject
		DockerConfig\Development\.env = DockerConfig\Development\.env
		DockerConfig\Development\BuildStartTradingCore.sh = DockerConfig\Development\BuildStartTradingCore.sh
		DockerConfig\Development\BuildStartYahooMostChangesStockScraper.sh = DockerConfig\Development\BuildStartYahooMostChangesStockScraper.sh
		DockerConfig\Development\BuildStartYahooScraper.sh = DockerConfig\Development\BuildStartYahooScraper.sh
		DockerConfig\Development\docker-compose-trading.yml = DockerConfig\Development\docker-compose-trading.yml
		DockerConfig\Development\DockerfileDatabase = DockerConfig\Development\DockerfileDatabase
		DockerConfig\Development\DockerfileTradingCore = DockerConfig\Development\DockerfileTradingCore
		DockerConfig\Development\DockerfileYahooScraper = DockerConfig\Development\DockerfileYahooScraper
		DockerConfig\Development\StartTrading.sh = DockerConfig\Development\StartTrading.sh
		DockerConfig\Development\WaitForContStatHealthy.sh = DockerConfig\Development\WaitForContStatHealthy.sh
	EndProjectSection
EndProject
Project("{2150E333-8FDC-42A3-9474-1A3956D46DE8}") = "!TradingSensitiveData", "!TradingSensitiveData", "{0A5B0481-63A2-4A56-B166-7BE7FDBD136D}"
EndProject
Project("{2150E333-8FDC-42A3-9474-1A3956D46DE8}") = "DockerConfig", "DockerConfig", "{E7C94840-6CCF-411A-AFCF-9E0CA347A5BB}"
EndProject
Project("{2150E333-8FDC-42A3-9474-1A3956D46DE8}") = "TradingCore", "TradingCore", "{6C267701-54B1-41A6-BA16-CCCB4658909D}"
	ProjectSection(SolutionItems) = preProject
		!TradingSensitiveData\TradingCore\appSettings.Development.json = !TradingSensitiveData\TradingCore\appSettings.Development.json
		!TradingSensitiveData\TradingCore\appSettings.Production.json = !TradingSensitiveData\TradingCore\appSettings.Production.json
	EndProjectSection
EndProject
Project("{2150E333-8FDC-42A3-9474-1A3956D46DE8}") = "YahooScraper", "YahooScraper", "{25156034-EBB4-44B3-A06C-08C880D4229B}"
	ProjectSection(SolutionItems) = preProject
		!TradingSensitiveData\YahooScraper\appSettings.Development.json = !TradingSensitiveData\YahooScraper\appSettings.Development.json
		!TradingSensitiveData\YahooScraper\appSettings.Production.json = !TradingSensitiveData\YahooScraper\appSettings.Production.json
	EndProjectSection
EndProject
Project("{2150E333-8FDC-42A3-9474-1A3956D46DE8}") = "Production", "Production", "{435EF052-5DF8-4179-88C2-20795B12DC2F}"
	ProjectSection(SolutionItems) = preProject
		!TradingSensitiveData\DockerConfig\Production\.env = !TradingSensitiveData\DockerConfig\Production\.env
		!TradingSensitiveData\DockerConfig\Production\BuildStartTradingCore.sh = !TradingSensitiveData\DockerConfig\Production\BuildStartTradingCore.sh
		!TradingSensitiveData\DockerConfig\Production\BuildStartYahooScraper.sh = !TradingSensitiveData\DockerConfig\Production\BuildStartYahooScraper.sh
		!TradingSensitiveData\DockerConfig\Production\docker-compose-trading.yml = !TradingSensitiveData\DockerConfig\Production\docker-compose-trading.yml
		!TradingSensitiveData\DockerConfig\Production\DockerfileDatabase = !TradingSensitiveData\DockerConfig\Production\DockerfileDatabase
		!TradingSensitiveData\DockerConfig\Production\DockerfileTradingCore = !TradingSensitiveData\DockerConfig\Production\DockerfileTradingCore
		!TradingSensitiveData\DockerConfig\Production\DockerfileYahooScraper = !TradingSensitiveData\DockerConfig\Production\DockerfileYahooScraper
		!TradingSensitiveData\DockerConfig\Production\StartTrading.sh = !TradingSensitiveData\DockerConfig\Production\StartTrading.sh
		!TradingSensitiveData\DockerConfig\Production\WaitForContStatHealthy.sh = !TradingSensitiveData\DockerConfig\Production\WaitForContStatHealthy.sh
	EndProjectSection
EndProject
Project("{9A19103F-16F7-4668-BE54-9A1E7A4F7556}") = "YahooScraper", "YahooScraper\YahooScraper.csproj", "{634382DF-31CC-4CAC-8620-54396A807298}"
EndProject
Global
	GlobalSection(SolutionConfigurationPlatforms) = preSolution
		Debug|Any CPU = Debug|Any CPU
		Release|Any CPU = Release|Any CPU
	EndGlobalSection
	GlobalSection(ProjectConfigurationPlatforms) = postSolution
		{4729E363-D541-4FFA-9E39-6C899C6A52D0}.Debug|Any CPU.ActiveCfg = Debug|Any CPU
		{4729E363-D541-4FFA-9E39-6C899C6A52D0}.Debug|Any CPU.Build.0 = Debug|Any CPU
		{4729E363-D541-4FFA-9E39-6C899C6A52D0}.Release|Any CPU.ActiveCfg = Release|Any CPU
		{4729E363-D541-4FFA-9E39-6C899C6A52D0}.Release|Any CPU.Build.0 = Release|Any CPU
		{634382DF-31CC-4CAC-8620-54396A807298}.Debug|Any CPU.ActiveCfg = Debug|Any CPU
		{634382DF-31CC-4CAC-8620-54396A807298}.Debug|Any CPU.Build.0 = Debug|Any CPU
		{634382DF-31CC-4CAC-8620-54396A807298}.Release|Any CPU.ActiveCfg = Release|Any CPU
		{634382DF-31CC-4CAC-8620-54396A807298}.Release|Any CPU.Build.0 = Release|Any CPU
	EndGlobalSection
	GlobalSection(SolutionProperties) = preSolution
		HideSolutionNode = FALSE
	EndGlobalSection
	GlobalSection(NestedProjects) = preSolution
		{8E1F7F85-DE24-4B34-A49A-3220B362D090} = {3C5739FD-885A-4382-8ED9-D9F533A22629}
		{E7C94840-6CCF-411A-AFCF-9E0CA347A5BB} = {0A5B0481-63A2-4A56-B166-7BE7FDBD136D}
		{6C267701-54B1-41A6-BA16-CCCB4658909D} = {0A5B0481-63A2-4A56-B166-7BE7FDBD136D}
		{25156034-EBB4-44B3-A06C-08C880D4229B} = {0A5B0481-63A2-4A56-B166-7BE7FDBD136D}
		{435EF052-5DF8-4179-88C2-20795B12DC2F} = {E7C94840-6CCF-411A-AFCF-9E0CA347A5BB}
	EndGlobalSection
	GlobalSection(ExtensibilityGlobals) = postSolution
		SolutionGuid = {2D65AEA9-4FAB-41B9-A535-E7FD66EBAF2F}
	EndGlobalSection
EndGlobal
